{
  "nodes": {
    "flakeNimbleLib": {
      "inputs": {
        "nixpkgs": [
          "nixpkgs"
        ]
      },
      "locked": {
        "lastModified": 1646967037,
        "narHash": "sha256-BoEqkGzLVnFICrF15wczZJrfF1vMVngRzF5cEgFzdzU=",
        "owner": "riinr",
        "repo": "nim-flakes-lib",
        "rev": "028e7596fdb918b72a295d220d48417ab2f5dfd1",
        "type": "github"
      },
      "original": {
        "owner": "riinr",
        "ref": "master",
        "repo": "nim-flakes-lib",
        "type": "github"
      }
    },
    "mnemonic-master": {
      "inputs": {
        "flakeNimbleLib": [
          "flakeNimbleLib"
        ],
        "nimsha2": "nimsha2",
        "nixpkgs": [
          "nixpkgs"
        ],
        "src-mnemonic-master": "src-mnemonic-master"
      },
      "locked": {
        "dir": "master",
        "lastModified": 1647311664,
        "narHash": "sha256-T4VMSO8yPSRaq+At8BW5TLkessD0LAQ9I6x5SnOOK9s=",
        "owner": "nim-nix-pkgs",
        "repo": "mnemonic",
        "rev": "9062a5fbcad2ce60211d8b687897136de9d12431",
        "type": "github"
      },
      "original": {
        "dir": "master",
        "owner": "nim-nix-pkgs",
        "ref": "master",
        "repo": "mnemonic",
        "type": "github"
      }
    },
    "mnemonic-v0_1_0": {
      "inputs": {
        "flakeNimbleLib": [
          "flakeNimbleLib"
        ],
        "nimsha2": "nimsha2_2",
        "nixpkgs": [
          "nixpkgs"
        ],
        "src-mnemonic-v0_1_0": "src-mnemonic-v0_1_0"
      },
      "locked": {
        "dir": "v0_1_0",
        "lastModified": 1647311664,
        "narHash": "sha256-T4VMSO8yPSRaq+At8BW5TLkessD0LAQ9I6x5SnOOK9s=",
        "owner": "nim-nix-pkgs",
        "repo": "mnemonic",
        "rev": "9062a5fbcad2ce60211d8b687897136de9d12431",
        "type": "github"
      },
      "original": {
        "dir": "v0_1_0",
        "owner": "nim-nix-pkgs",
        "ref": "master",
        "repo": "mnemonic",
        "type": "github"
      }
    },
    "mnemonic-v0_1_1": {
      "inputs": {
        "flakeNimbleLib": [
          "flakeNimbleLib"
        ],
        "nimsha2": "nimsha2_3",
        "nixpkgs": [
          "nixpkgs"
        ],
        "src-mnemonic-v0_1_1": "src-mnemonic-v0_1_1"
      },
      "locked": {
        "dir": "v0_1_1",
        "lastModified": 1647311664,
        "narHash": "sha256-T4VMSO8yPSRaq+At8BW5TLkessD0LAQ9I6x5SnOOK9s=",
        "owner": "nim-nix-pkgs",
        "repo": "mnemonic",
        "rev": "9062a5fbcad2ce60211d8b687897136de9d12431",
        "type": "github"
      },
      "original": {
        "dir": "v0_1_1",
        "owner": "nim-nix-pkgs",
        "ref": "master",
        "repo": "mnemonic",
        "type": "github"
      }
    },
    "mnemonic-v0_1_2": {
      "inputs": {
        "flakeNimbleLib": [
          "flakeNimbleLib"
        ],
        "nimsha2": "nimsha2_4",
        "nixpkgs": [
          "nixpkgs"
        ],
        "src-mnemonic-v0_1_2": "src-mnemonic-v0_1_2"
      },
      "locked": {
        "dir": "v0_1_2",
        "lastModified": 1647311664,
        "narHash": "sha256-T4VMSO8yPSRaq+At8BW5TLkessD0LAQ9I6x5SnOOK9s=",
        "owner": "nim-nix-pkgs",
        "repo": "mnemonic",
        "rev": "9062a5fbcad2ce60211d8b687897136de9d12431",
        "type": "github"
      },
      "original": {
        "dir": "v0_1_2",
        "owner": "nim-nix-pkgs",
        "ref": "master",
        "repo": "mnemonic",
        "type": "github"
      }
    },
    "mnemonic-v0_1_3": {
      "inputs": {
        "flakeNimbleLib": [
          "flakeNimbleLib"
        ],
        "nimsha2": "nimsha2_5",
        "nixpkgs": [
          "nixpkgs"
        ],
        "src-mnemonic-v0_1_3": "src-mnemonic-v0_1_3"
      },
      "locked": {
        "dir": "v0_1_3",
        "lastModified": 1647311664,
        "narHash": "sha256-T4VMSO8yPSRaq+At8BW5TLkessD0LAQ9I6x5SnOOK9s=",
        "owner": "nim-nix-pkgs",
        "repo": "mnemonic",
        "rev": "9062a5fbcad2ce60211d8b687897136de9d12431",
        "type": "github"
      },
      "original": {
        "dir": "v0_1_3",
        "owner": "nim-nix-pkgs",
        "ref": "master",
        "repo": "mnemonic",
        "type": "github"
      }
    },
    "nimsha2": {
      "inputs": {
        "flakeNimbleLib": [
          "mnemonic-master",
          "flakeNimbleLib"
        ],
        "nimsha2-master": "nimsha2-master",
        "nixpkgs": [
          "mnemonic-master",
          "nixpkgs"
        ]
      },
      "locked": {
        "lastModified": 1647397439,
        "narHash": "sha256-Ef63HYoQu8QQ2XQJdW9X3dU5PKrpUkI+ReromlsI20g=",
        "owner": "nim-nix-pkgs",
        "repo": "nimsha2",
        "rev": "3283155d9ead55a3472d374defa4e2a7ab470891",
        "type": "github"
      },
      "original": {
        "owner": "nim-nix-pkgs",
        "ref": "master",
        "repo": "nimsha2",
        "type": "github"
      }
    },
    "nimsha2-master": {
      "inputs": {
        "flakeNimbleLib": [
          "mnemonic-master",
          "nimsha2",
          "flakeNimbleLib"
        ],
        "nixpkgs": [
          "mnemonic-master",
          "nimsha2",
          "nixpkgs"
        ],
        "src-nimSHA2-master": "src-nimSHA2-master"
      },
      "locked": {
        "dir": "master",
        "lastModified": 1647311239,
        "narHash": "sha256-Ul0/MmnvcGSNo21ScK7q421Y3MHYNRF8uemt7WFfLjQ=",
        "owner": "nim-nix-pkgs",
        "repo": "nimsha2",
        "rev": "7443c6d4546984bf55de43d2b50c568d8cf12b06",
        "type": "github"
      },
      "original": {
        "dir": "master",
        "owner": "nim-nix-pkgs",
        "ref": "master",
        "repo": "nimsha2",
        "type": "github"
      }
    },
    "nimsha2-master_2": {
      "inputs": {
        "flakeNimbleLib": [
          "mnemonic-v0_1_0",
          "nimsha2",
          "flakeNimbleLib"
        ],
        "nixpkgs": [
          "mnemonic-v0_1_0",
          "nimsha2",
          "nixpkgs"
        ],
        "src-nimSHA2-master": "src-nimSHA2-master_2"
      },
      "locked": {
        "dir": "master",
        "lastModified": 1647311239,
        "narHash": "sha256-Ul0/MmnvcGSNo21ScK7q421Y3MHYNRF8uemt7WFfLjQ=",
        "owner": "nim-nix-pkgs",
        "repo": "nimsha2",
        "rev": "7443c6d4546984bf55de43d2b50c568d8cf12b06",
        "type": "github"
      },
      "original": {
        "dir": "master",
        "owner": "nim-nix-pkgs",
        "ref": "master",
        "repo": "nimsha2",
        "type": "github"
      }
    },
    "nimsha2-master_3": {
      "inputs": {
        "flakeNimbleLib": [
          "mnemonic-v0_1_1",
          "nimsha2",
          "flakeNimbleLib"
        ],
        "nixpkgs": [
          "mnemonic-v0_1_1",
          "nimsha2",
          "nixpkgs"
        ],
        "src-nimSHA2-master": "src-nimSHA2-master_3"
      },
      "locked": {
        "dir": "master",
        "lastModified": 1647311239,
        "narHash": "sha256-Ul0/MmnvcGSNo21ScK7q421Y3MHYNRF8uemt7WFfLjQ=",
        "owner": "nim-nix-pkgs",
        "repo": "nimsha2",
        "rev": "7443c6d4546984bf55de43d2b50c568d8cf12b06",
        "type": "github"
      },
      "original": {
        "dir": "master",
        "owner": "nim-nix-pkgs",
        "ref": "master",
        "repo": "nimsha2",
        "type": "github"
      }
    },
    "nimsha2-master_4": {
      "inputs": {
        "flakeNimbleLib": [
          "mnemonic-v0_1_2",
          "nimsha2",
          "flakeNimbleLib"
        ],
        "nixpkgs": [
          "mnemonic-v0_1_2",
          "nimsha2",
          "nixpkgs"
        ],
        "src-nimSHA2-master": "src-nimSHA2-master_4"
      },
      "locked": {
        "dir": "master",
        "lastModified": 1647311239,
        "narHash": "sha256-Ul0/MmnvcGSNo21ScK7q421Y3MHYNRF8uemt7WFfLjQ=",
        "owner": "nim-nix-pkgs",
        "repo": "nimsha2",
        "rev": "7443c6d4546984bf55de43d2b50c568d8cf12b06",
        "type": "github"
      },
      "original": {
        "dir": "master",
        "owner": "nim-nix-pkgs",
        "ref": "master",
        "repo": "nimsha2",
        "type": "github"
      }
    },
    "nimsha2-master_5": {
      "inputs": {
        "flakeNimbleLib": [
          "mnemonic-v0_1_3",
          "nimsha2",
          "flakeNimbleLib"
        ],
        "nixpkgs": [
          "mnemonic-v0_1_3",
          "nimsha2",
          "nixpkgs"
        ],
        "src-nimSHA2-master": "src-nimSHA2-master_5"
      },
      "locked": {
        "dir": "master",
        "lastModified": 1647311239,
        "narHash": "sha256-Ul0/MmnvcGSNo21ScK7q421Y3MHYNRF8uemt7WFfLjQ=",
        "owner": "nim-nix-pkgs",
        "repo": "nimsha2",
        "rev": "7443c6d4546984bf55de43d2b50c568d8cf12b06",
        "type": "github"
      },
      "original": {
        "dir": "master",
        "owner": "nim-nix-pkgs",
        "ref": "master",
        "repo": "nimsha2",
        "type": "github"
      }
    },
    "nimsha2_2": {
      "inputs": {
        "flakeNimbleLib": [
          "mnemonic-v0_1_0",
          "flakeNimbleLib"
        ],
        "nimsha2-master": "nimsha2-master_2",
        "nixpkgs": [
          "mnemonic-v0_1_0",
          "nixpkgs"
        ]
      },
      "locked": {
        "lastModified": 1647397439,
        "narHash": "sha256-Ef63HYoQu8QQ2XQJdW9X3dU5PKrpUkI+ReromlsI20g=",
        "owner": "nim-nix-pkgs",
        "repo": "nimsha2",
        "rev": "3283155d9ead55a3472d374defa4e2a7ab470891",
        "type": "github"
      },
      "original": {
        "owner": "nim-nix-pkgs",
        "ref": "master",
        "repo": "nimsha2",
        "type": "github"
      }
    },
    "nimsha2_3": {
      "inputs": {
        "flakeNimbleLib": [
          "mnemonic-v0_1_1",
          "flakeNimbleLib"
        ],
        "nimsha2-master": "nimsha2-master_3",
        "nixpkgs": [
          "mnemonic-v0_1_1",
          "nixpkgs"
        ]
      },
      "locked": {
        "lastModified": 1647397439,
        "narHash": "sha256-Ef63HYoQu8QQ2XQJdW9X3dU5PKrpUkI+ReromlsI20g=",
        "owner": "nim-nix-pkgs",
        "repo": "nimsha2",
        "rev": "3283155d9ead55a3472d374defa4e2a7ab470891",
        "type": "github"
      },
      "original": {
        "owner": "nim-nix-pkgs",
        "ref": "master",
        "repo": "nimsha2",
        "type": "github"
      }
    },
    "nimsha2_4": {
      "inputs": {
        "flakeNimbleLib": [
          "mnemonic-v0_1_2",
          "flakeNimbleLib"
        ],
        "nimsha2-master": "nimsha2-master_4",
        "nixpkgs": [
          "mnemonic-v0_1_2",
          "nixpkgs"
        ]
      },
      "locked": {
        "lastModified": 1647397439,
        "narHash": "sha256-Ef63HYoQu8QQ2XQJdW9X3dU5PKrpUkI+ReromlsI20g=",
        "owner": "nim-nix-pkgs",
        "repo": "nimsha2",
        "rev": "3283155d9ead55a3472d374defa4e2a7ab470891",
        "type": "github"
      },
      "original": {
        "owner": "nim-nix-pkgs",
        "ref": "master",
        "repo": "nimsha2",
        "type": "github"
      }
    },
    "nimsha2_5": {
      "inputs": {
        "flakeNimbleLib": [
          "mnemonic-v0_1_3",
          "flakeNimbleLib"
        ],
        "nimsha2-master": "nimsha2-master_5",
        "nixpkgs": [
          "mnemonic-v0_1_3",
          "nixpkgs"
        ]
      },
      "locked": {
        "lastModified": 1647397439,
        "narHash": "sha256-Ef63HYoQu8QQ2XQJdW9X3dU5PKrpUkI+ReromlsI20g=",
        "owner": "nim-nix-pkgs",
        "repo": "nimsha2",
        "rev": "3283155d9ead55a3472d374defa4e2a7ab470891",
        "type": "github"
      },
      "original": {
        "owner": "nim-nix-pkgs",
        "ref": "master",
        "repo": "nimsha2",
        "type": "github"
      }
    },
    "nixpkgs": {
      "locked": {
        "narHash": "sha256-+8mazL4KLh6VltXYJc5+QFA5Q1i+Uh/TadRl9/+qcx8=",
        "path": "/nix/store/gddrvlqs5qf1bp3kc80gp3qg5vm8kj76-source",
        "type": "path"
      },
      "original": {
        "id": "nixpkgs",
        "type": "indirect"
      }
    },
    "root": {
      "inputs": {
        "flakeNimbleLib": "flakeNimbleLib",
        "mnemonic-master": "mnemonic-master",
        "mnemonic-v0_1_0": "mnemonic-v0_1_0",
        "mnemonic-v0_1_1": "mnemonic-v0_1_1",
        "mnemonic-v0_1_2": "mnemonic-v0_1_2",
        "mnemonic-v0_1_3": "mnemonic-v0_1_3",
        "nixpkgs": "nixpkgs"
      }
    },
    "src-mnemonic-master": {
      "flake": false,
      "locked": {
        "lastModified": 1587655432,
        "narHash": "sha256-y9MsRxSG8fKp1TqbflBVR6O+6ydt6YtSZtvigUsszPQ=",
        "owner": "markspanbroek",
        "repo": "mnemonic",
        "rev": "fae635faefd37a244559c94417de248d9df5d657",
        "type": "github"
      },
      "original": {
        "owner": "markspanbroek",
        "ref": "refs/heads/master",
        "repo": "mnemonic",
        "type": "github"
      }
    },
    "src-mnemonic-v0_1_0": {
      "flake": false,
      "locked": {
        "lastModified": 1584802947,
        "narHash": "sha256-LX9ePnvRx0a5zgzRZvtOU9lFgqeL3a8GwPiAt53VLrA=",
        "owner": "markspanbroek",
        "repo": "mnemonic",
        "rev": "afd980a92e5cfb2e8abdee186409e455d9fdc0f7",
        "type": "github"
      },
      "original": {
        "owner": "markspanbroek",
        "ref": "refs/tags/v0.1.0",
        "repo": "mnemonic",
        "type": "github"
      }
    },
    "src-mnemonic-v0_1_1": {
      "flake": false,
      "locked": {
        "lastModified": 1584803979,
        "narHash": "sha256-0FTOB/znu09675lDqHTKmKgV5Uz8k34SOzpi8TV+o/E=",
        "owner": "markspanbroek",
        "repo": "mnemonic",
        "rev": "2ef3c6f99e1abb95a0c6cd0b5288b14824a32229",
        "type": "github"
      },
      "original": {
        "owner": "markspanbroek",
        "ref": "refs/tags/v0.1.1",
        "repo": "mnemonic",
        "type": "github"
      }
    },
    "src-mnemonic-v0_1_2": {
      "flake": false,
      "locked": {
        "lastModified": 1585395483,
        "narHash": "sha256-sAvZa3xRppCV9ZQkfHgqN9hTZrywti5HvsR9zuKDdLs=",
        "owner": "markspanbroek",
        "repo": "mnemonic",
        "rev": "f9694111bf9f75d85f7c7159f5ccd6d794b11e4d",
        "type": "github"
      },
      "original": {
        "owner": "markspanbroek",
        "ref": "refs/tags/v0.1.2",
        "repo": "mnemonic",
        "type": "github"
      }
    },
    "src-mnemonic-v0_1_3": {
      "flake": false,
      "locked": {
        "lastModified": 1587655432,
        "narHash": "sha256-y9MsRxSG8fKp1TqbflBVR6O+6ydt6YtSZtvigUsszPQ=",
        "owner": "markspanbroek",
        "repo": "mnemonic",
        "rev": "fae635faefd37a244559c94417de248d9df5d657",
        "type": "github"
      },
      "original": {
        "owner": "markspanbroek",
        "ref": "refs/tags/v0.1.3",
        "repo": "mnemonic",
        "type": "github"
      }
    },
    "src-nimSHA2-master": {
      "flake": false,
      "locked": {
        "lastModified": 1631171307,
        "narHash": "sha256-Wqb3mQ7638UOTze71mf6WMyGiw9qTwhbJiGGb+9OR2k=",
        "owner": "jangko",
        "repo": "nimSHA2",
        "rev": "b8f666069dff1ed0c5142dd1ca692f0e71434716",
        "type": "github"
      },
      "original": {
        "owner": "jangko",
        "ref": "refs/heads/master",
        "repo": "nimSHA2",
        "type": "github"
      }
    },
    "src-nimSHA2-master_2": {
      "flake": false,
      "locked": {
        "lastModified": 1631171307,
        "narHash": "sha256-Wqb3mQ7638UOTze71mf6WMyGiw9qTwhbJiGGb+9OR2k=",
        "owner": "jangko",
        "repo": "nimSHA2",
        "rev": "b8f666069dff1ed0c5142dd1ca692f0e71434716",
        "type": "github"
      },
      "original": {
        "owner": "jangko",
        "ref": "refs/heads/master",
        "repo": "nimSHA2",
        "type": "github"
      }
    },
    "src-nimSHA2-master_3": {
      "flake": false,
      "locked": {
        "lastModified": 1631171307,
        "narHash": "sha256-Wqb3mQ7638UOTze71mf6WMyGiw9qTwhbJiGGb+9OR2k=",
        "owner": "jangko",
        "repo": "nimSHA2",
        "rev": "b8f666069dff1ed0c5142dd1ca692f0e71434716",
        "type": "github"
      },
      "original": {
        "owner": "jangko",
        "ref": "refs/heads/master",
        "repo": "nimSHA2",
        "type": "github"
      }
    },
    "src-nimSHA2-master_4": {
      "flake": false,
      "locked": {
        "lastModified": 1631171307,
        "narHash": "sha256-Wqb3mQ7638UOTze71mf6WMyGiw9qTwhbJiGGb+9OR2k=",
        "owner": "jangko",
        "repo": "nimSHA2",
        "rev": "b8f666069dff1ed0c5142dd1ca692f0e71434716",
        "type": "github"
      },
      "original": {
        "owner": "jangko",
        "ref": "refs/heads/master",
        "repo": "nimSHA2",
        "type": "github"
      }
    },
    "src-nimSHA2-master_5": {
      "flake": false,
      "locked": {
        "lastModified": 1631171307,
        "narHash": "sha256-Wqb3mQ7638UOTze71mf6WMyGiw9qTwhbJiGGb+9OR2k=",
        "owner": "jangko",
        "repo": "nimSHA2",
        "rev": "b8f666069dff1ed0c5142dd1ca692f0e71434716",
        "type": "github"
      },
      "original": {
        "owner": "jangko",
        "ref": "refs/heads/master",
        "repo": "nimSHA2",
        "type": "github"
      }
    }
  },
  "root": "root",
  "version": 7
}
